
Microsoft Visual Studio Solution File, Format Version 12.00
# Visual Studio Version 16
VisualStudioVersion = 16.0.31019.35
MinimumVisualStudioVersion = 10.0.40219.1
Project("{9A19103F-16F7-4668-BE54-9A1E7A4F7556}") = "WebApiHomework", "WebApiHomework.csproj", "{4989E77C-235C-4333-9B32-C40781313C45}"
EndProject
Project("{9A19103F-16F7-4668-BE54-9A1E7A4F7556}") = "WebApiHomework.BusinessLogicLayer", "..\WebApiHomework.BusinessLogicLayer\WebApiHomework.BusinessLogicLayer.csproj", "{5BB77D6D-5993-4BCD-9568-FD2D5CA1679F}"
EndProject
Project("{9A19103F-16F7-4668-BE54-9A1E7A4F7556}") = "WebApiHomework.DataAccessLayer", "..\WebApiHomework.DataAccessLayer\WebApiHomework.DataAccessLayer.csproj", "{1401A1EB-2617-4193-AC0B-83CF42537060}"
EndProject
Global
	GlobalSection(SolutionConfigurationPlatforms) = preSolution
		Debug|Any CPU = Debug|Any CPU
		Release|Any CPU = Release|Any CPU
	EndGlobalSection
	GlobalSection(ProjectConfigurationPlatforms) = postSolution
		{4989E77C-235C-4333-9B32-C40781313C45}.Debug|Any CPU.ActiveCfg = Debug|Any CPU
		{4989E77C-235C-4333-9B32-C40781313C45}.Debug|Any CPU.Build.0 = Debug|Any CPU
		{4989E77C-235C-4333-9B32-C40781313C45}.Release|Any CPU.ActiveCfg = Release|Any CPU
		{4989E77C-235C-4333-9B32-C40781313C45}.Release|Any CPU.Build.0 = Release|Any CPU
		{5BB77D6D-5993-4BCD-9568-FD2D5CA1679F}.Debug|Any CPU.ActiveCfg = Debug|Any CPU
		{5BB77D6D-5993-4BCD-9568-FD2D5CA1679F}.Debug|Any CPU.Build.0 = Debug|Any CPU
		{5BB77D6D-5993-4BCD-9568-FD2D5CA1679F}.Release|Any CPU.ActiveCfg = Release|Any CPU
		{5BB77D6D-5993-4BCD-9568-FD2D5CA1679F}.Release|Any CPU.Build.0 = Release|Any CPU
		{1401A1EB-2617-4193-AC0B-83CF42537060}.Debug|Any CPU.ActiveCfg = Debug|Any CPU
		{1401A1EB-2617-4193-AC0B-83CF42537060}.Debug|Any CPU.Build.0 = Debug|Any CPU
		{1401A1EB-2617-4193-AC0B-83CF42537060}.Release|Any CPU.ActiveCfg = Release|Any CPU
		{1401A1EB-2617-4193-AC0B-83CF42537060}.Release|Any CPU.Build.0 = Release|Any CPU
	EndGlobalSection
	GlobalSection(SolutionProperties) = preSolution
		HideSolutionNode = FALSE
	EndGlobalSection
	GlobalSection(ExtensibilityGlobals) = postSolution
		SolutionGuid = {7D0AAE6A-C387-4844-8040-A1AE0D25E26F}
	EndGlobalSection
EndGlobal
